# THIS IS AN AUTOGENERATED FILE. DO NOT EDIT THIS FILE DIRECTLY.
# yarn lockfile v1


area-data@^5.0.6:
  version "5.0.6"
  resolved "https://registry.npm.taobao.org/area-data/download/area-data-5.0.6.tgz#c381c3f88ff9e1050accd07549d206fce2a28d13"
  integrity sha1-w4HD+I/54QUKzNB1SdIG/OKijRM=

js-md5@^0.7.3:
  version "0.7.3"
  resolved "https://registry.npm.taobao.org/js-md5/download/js-md5-0.7.3.tgz#b4f2fbb0b327455f598d6727e38ec272cd09c3f2"
  integrity sha1-tPL7sLMnRV9ZjWcn447Ccs0Jw/I=

mp-colorui@^0.4.11:
  version "0.4.11"
  resolved "https://registry.npm.taobao.org/mp-colorui/download/mp-colorui-0.4.11.tgz#b4623337a6982fae1c11ad2bc0b1f82babc70cc2"
  integrity sha1-tGIzN6aYL64cEa0rwLH4K6vHDMI=
  dependencies:
    area-data "^5.0.6"
